
Microsoft Visual Studio Solution File, Format Version 12.00
# Visual Studio Version 17
VisualStudioVersion = 17.7.33920.267
MinimumVisualStudioVersion = 10.0.40219.1
Project("{2150E333-8FDC-42A3-9474-1A3956D46DE8}") = "src", "src", "{4C0CB374-3AAA-4765-8341-4641873F7A6B}"
EndProject
Project("{2150E333-8FDC-42A3-9474-1A3956D46DE8}") = "Services", "Services", "{22FAC631-500E-4ED0-9D13-B2E627DF0C56}"
EndProject
Project("{9A19103F-16F7-4668-BE54-9A1E7A4F7556}") = "ApplicationServices.Implementation", "src\Services\ApplicationServices.Implementation\ApplicationServices.Implementation.csproj", "{22E61E77-323A-4DE3-90AD-AD532FD95BDF}"
EndProject
Project("{9A19103F-16F7-4668-BE54-9A1E7A4F7556}") = "CloseMate.Api", "src\Services\CloseMate.Api\CloseMate.Api.csproj", "{66C0B09C-43CC-4270-91B1-1D1D12491BC2}"
EndProject
Project("{9A19103F-16F7-4668-BE54-9A1E7A4F7556}") = "DataAccess.PostgreSQL", "src\Services\DataAccess.PostgreSQL\DataAccess.PostgreSQL.csproj", "{9F0961E5-41A8-4842-91F0-54C01D449461}"
EndProject
Project("{9A19103F-16F7-4668-BE54-9A1E7A4F7556}") = "Entities", "src\Services\Entities\Entities.csproj", "{C023F5E5-8073-4FA1-B1E5-1AE37F4D6A42}"
EndProject
Project("{9A19103F-16F7-4668-BE54-9A1E7A4F7556}") = "OpenAI.Implementations", "src\Services\OpenAI.Implementations\OpenAI.Implementations.csproj", "{8994DCCB-BE9D-47E9-8DFD-6CE69EAFE71D}"
EndProject
Project("{9A19103F-16F7-4668-BE54-9A1E7A4F7556}") = "UseCases", "src\Services\UseCases\UseCases.csproj", "{AE083178-3291-405B-970E-CD07E10DB575}"
EndProject
Project("{9A19103F-16F7-4668-BE54-9A1E7A4F7556}") = "Utils", "src\Services\Utils\Utils.csproj", "{0C56694D-0302-4792-BEFC-9F06C77E1FD0}"
EndProject
Project("{9A19103F-16F7-4668-BE54-9A1E7A4F7556}") = "WebClient.Implementations", "src\Services\WebClient.Implementations\WebClient.Implementations.csproj", "{58AE8E12-E7C1-48D0-9BB8-5F0602EC243F}"
EndProject
Project("{2150E333-8FDC-42A3-9474-1A3956D46DE8}") = "Gateways", "Gateways", "{4F52B3F0-BC88-4E58-BE50-ACC3BA38E704}"
EndProject
Project("{9A19103F-16F7-4668-BE54-9A1E7A4F7556}") = "Gateway.Ocelot.Api", "src\Gateways\Gateway.Ocelot.Api\Gateway.Ocelot.Api.csproj", "{EC789E00-6D11-4295-BADA-7D9D422A16FB}"
EndProject
Project("{E53339B2-1760-4266-BCC7-CA923CBCF16C}") = "docker-compose", "docker-compose.dcproj", "{FCE22228-6573-4C8E-B197-F4B7669A5909}"
EndProject
Project("{9A19103F-16F7-4668-BE54-9A1E7A4F7556}") = "WebClient.Abstractions", "src\Services\WebClient.Abstractions\WebClient.Abstractions.csproj", "{1BD53F40-EEDB-43B0-92BA-6D5BF23F8DE4}"
EndProject
Project("{FAE04EC0-301F-11D3-BF4B-00C04F79EFBC}") = "OpenAI.Abstractions", "src\Services\OpenAI.Abstractions\OpenAI.Abstractions.csproj", "{AC4F8E95-C375-45C4-ABB3-0800C8059BE1}"
EndProject
Project("{FAE04EC0-301F-11D3-BF4B-00C04F79EFBC}") = "Infrastructure.Abstractions", "src\Services\Infrastructure.Abstractions\Infrastructure.Abstractions.csproj", "{ADC8A093-DD9F-44B0-AFB5-B2391E9A099B}"
EndProject
Project("{FAE04EC0-301F-11D3-BF4B-00C04F79EFBC}") = "ApplicationServices.Abstractions", "src\Services\ApplicationServices.Abstractions\ApplicationServices.Abstractions.csproj", "{34D87381-289E-4745-90D3-FEAF7F906763}"
EndProject
Global
	GlobalSection(SolutionConfigurationPlatforms) = preSolution
		Debug|Any CPU = Debug|Any CPU
		Release|Any CPU = Release|Any CPU
	EndGlobalSection
	GlobalSection(ProjectConfigurationPlatforms) = postSolution
		{22E61E77-323A-4DE3-90AD-AD532FD95BDF}.Debug|Any CPU.ActiveCfg = Debug|Any CPU
		{22E61E77-323A-4DE3-90AD-AD532FD95BDF}.Debug|Any CPU.Build.0 = Debug|Any CPU
		{22E61E77-323A-4DE3-90AD-AD532FD95BDF}.Release|Any CPU.ActiveCfg = Release|Any CPU
		{22E61E77-323A-4DE3-90AD-AD532FD95BDF}.Release|Any CPU.Build.0 = Release|Any CPU
		{66C0B09C-43CC-4270-91B1-1D1D12491BC2}.Debug|Any CPU.ActiveCfg = Debug|Any CPU
		{66C0B09C-43CC-4270-91B1-1D1D12491BC2}.Debug|Any CPU.Build.0 = Debug|Any CPU
		{66C0B09C-43CC-4270-91B1-1D1D12491BC2}.Release|Any CPU.ActiveCfg = Release|Any CPU
		{66C0B09C-43CC-4270-91B1-1D1D12491BC2}.Release|Any CPU.Build.0 = Release|Any CPU
		{9F0961E5-41A8-4842-91F0-54C01D449461}.Debug|Any CPU.ActiveCfg = Debug|Any CPU
		{9F0961E5-41A8-4842-91F0-54C01D449461}.Debug|Any CPU.Build.0 = Debug|Any CPU
		{9F0961E5-41A8-4842-91F0-54C01D449461}.Release|Any CPU.ActiveCfg = Release|Any CPU
		{9F0961E5-41A8-4842-91F0-54C01D449461}.Release|Any CPU.Build.0 = Release|Any CPU
		{C023F5E5-8073-4FA1-B1E5-1AE37F4D6A42}.Debug|Any CPU.ActiveCfg = Debug|Any CPU
		{C023F5E5-8073-4FA1-B1E5-1AE37F4D6A42}.Debug|Any CPU.Build.0 = Debug|Any CPU
		{C023F5E5-8073-4FA1-B1E5-1AE37F4D6A42}.Release|Any CPU.ActiveCfg = Release|Any CPU
		{C023F5E5-8073-4FA1-B1E5-1AE37F4D6A42}.Release|Any CPU.Build.0 = Release|Any CPU
		{8994DCCB-BE9D-47E9-8DFD-6CE69EAFE71D}.Debug|Any CPU.ActiveCfg = Debug|Any CPU
		{8994DCCB-BE9D-47E9-8DFD-6CE69EAFE71D}.Debug|Any CPU.Build.0 = Debug|Any CPU
		{8994DCCB-BE9D-47E9-8DFD-6CE69EAFE71D}.Release|Any CPU.ActiveCfg = Release|Any CPU
		{8994DCCB-BE9D-47E9-8DFD-6CE69EAFE71D}.Release|Any CPU.Build.0 = Release|Any CPU
		{AE083178-3291-405B-970E-CD07E10DB575}.Debug|Any CPU.ActiveCfg = Debug|Any CPU
		{AE083178-3291-405B-970E-CD07E10DB575}.Debug|Any CPU.Build.0 = Debug|Any CPU
		{AE083178-3291-405B-970E-CD07E10DB575}.Release|Any CPU.ActiveCfg = Release|Any CPU
		{AE083178-3291-405B-970E-CD07E10DB575}.Release|Any CPU.Build.0 = Release|Any CPU
		{0C56694D-0302-4792-BEFC-9F06C77E1FD0}.Debug|Any CPU.ActiveCfg = Debug|Any CPU
		{0C56694D-0302-4792-BEFC-9F06C77E1FD0}.Debug|Any CPU.Build.0 = Debug|Any CPU
		{0C56694D-0302-4792-BEFC-9F06C77E1FD0}.Release|Any CPU.ActiveCfg = Release|Any CPU
		{0C56694D-0302-4792-BEFC-9F06C77E1FD0}.Release|Any CPU.Build.0 = Release|Any CPU
		{58AE8E12-E7C1-48D0-9BB8-5F0602EC243F}.Debug|Any CPU.ActiveCfg = Debug|Any CPU
		{58AE8E12-E7C1-48D0-9BB8-5F0602EC243F}.Debug|Any CPU.Build.0 = Debug|Any CPU
		{58AE8E12-E7C1-48D0-9BB8-5F0602EC243F}.Release|Any CPU.ActiveCfg = Release|Any CPU
		{58AE8E12-E7C1-48D0-9BB8-5F0602EC243F}.Release|Any CPU.Build.0 = Release|Any CPU
		{EC789E00-6D11-4295-BADA-7D9D422A16FB}.Debug|Any CPU.ActiveCfg = Debug|Any CPU
		{EC789E00-6D11-4295-BADA-7D9D422A16FB}.Debug|Any CPU.Build.0 = Debug|Any CPU
		{EC789E00-6D11-4295-BADA-7D9D422A16FB}.Release|Any CPU.ActiveCfg = Release|Any CPU
		{EC789E00-6D11-4295-BADA-7D9D422A16FB}.Release|Any CPU.Build.0 = Release|Any CPU
		{FCE22228-6573-4C8E-B197-F4B7669A5909}.Debug|Any CPU.ActiveCfg = Debug|Any CPU
		{FCE22228-6573-4C8E-B197-F4B7669A5909}.Debug|Any CPU.Build.0 = Debug|Any CPU
		{FCE22228-6573-4C8E-B197-F4B7669A5909}.Release|Any CPU.ActiveCfg = Release|Any CPU
		{FCE22228-6573-4C8E-B197-F4B7669A5909}.Release|Any CPU.Build.0 = Release|Any CPU
		{1BD53F40-EEDB-43B0-92BA-6D5BF23F8DE4}.Debug|Any CPU.ActiveCfg = Debug|Any CPU
		{1BD53F40-EEDB-43B0-92BA-6D5BF23F8DE4}.Debug|Any CPU.Build.0 = Debug|Any CPU
		{1BD53F40-EEDB-43B0-92BA-6D5BF23F8DE4}.Release|Any CPU.ActiveCfg = Release|Any CPU
		{1BD53F40-EEDB-43B0-92BA-6D5BF23F8DE4}.Release|Any CPU.Build.0 = Release|Any CPU
		{AC4F8E95-C375-45C4-ABB3-0800C8059BE1}.Debug|Any CPU.ActiveCfg = Debug|Any CPU
		{AC4F8E95-C375-45C4-ABB3-0800C8059BE1}.Debug|Any CPU.Build.0 = Debug|Any CPU
		{AC4F8E95-C375-45C4-ABB3-0800C8059BE1}.Release|Any CPU.ActiveCfg = Release|Any CPU
		{AC4F8E95-C375-45C4-ABB3-0800C8059BE1}.Release|Any CPU.Build.0 = Release|Any CPU
		{ADC8A093-DD9F-44B0-AFB5-B2391E9A099B}.Debug|Any CPU.ActiveCfg = Debug|Any CPU
		{ADC8A093-DD9F-44B0-AFB5-B2391E9A099B}.Debug|Any CPU.Build.0 = Debug|Any CPU
		{ADC8A093-DD9F-44B0-AFB5-B2391E9A099B}.Release|Any CPU.ActiveCfg = Release|Any CPU
		{ADC8A093-DD9F-44B0-AFB5-B2391E9A099B}.Release|Any CPU.Build.0 = Release|Any CPU
		{34D87381-289E-4745-90D3-FEAF7F906763}.Debug|Any CPU.ActiveCfg = Debug|Any CPU
		{34D87381-289E-4745-90D3-FEAF7F906763}.Debug|Any CPU.Build.0 = Debug|Any CPU
		{34D87381-289E-4745-90D3-FEAF7F906763}.Release|Any CPU.ActiveCfg = Release|Any CPU
		{34D87381-289E-4745-90D3-FEAF7F906763}.Release|Any CPU.Build.0 = Release|Any CPU
	EndGlobalSection
	GlobalSection(SolutionProperties) = preSolution
		HideSolutionNode = FALSE
	EndGlobalSection
	GlobalSection(NestedProjects) = preSolution
		{22FAC631-500E-4ED0-9D13-B2E627DF0C56} = {4C0CB374-3AAA-4765-8341-4641873F7A6B}
		{22E61E77-323A-4DE3-90AD-AD532FD95BDF} = {22FAC631-500E-4ED0-9D13-B2E627DF0C56}
		{66C0B09C-43CC-4270-91B1-1D1D12491BC2} = {22FAC631-500E-4ED0-9D13-B2E627DF0C56}
		{9F0961E5-41A8-4842-91F0-54C01D449461} = {22FAC631-500E-4ED0-9D13-B2E627DF0C56}
		{C023F5E5-8073-4FA1-B1E5-1AE37F4D6A42} = {22FAC631-500E-4ED0-9D13-B2E627DF0C56}
		{8994DCCB-BE9D-47E9-8DFD-6CE69EAFE71D} = {22FAC631-500E-4ED0-9D13-B2E627DF0C56}
		{AE083178-3291-405B-970E-CD07E10DB575} = {22FAC631-500E-4ED0-9D13-B2E627DF0C56}
		{0C56694D-0302-4792-BEFC-9F06C77E1FD0} = {22FAC631-500E-4ED0-9D13-B2E627DF0C56}
		{58AE8E12-E7C1-48D0-9BB8-5F0602EC243F} = {22FAC631-500E-4ED0-9D13-B2E627DF0C56}
		{4F52B3F0-BC88-4E58-BE50-ACC3BA38E704} = {4C0CB374-3AAA-4765-8341-4641873F7A6B}
		{EC789E00-6D11-4295-BADA-7D9D422A16FB} = {4F52B3F0-BC88-4E58-BE50-ACC3BA38E704}
		{1BD53F40-EEDB-43B0-92BA-6D5BF23F8DE4} = {22FAC631-500E-4ED0-9D13-B2E627DF0C56}
		{AC4F8E95-C375-45C4-ABB3-0800C8059BE1} = {22FAC631-500E-4ED0-9D13-B2E627DF0C56}
		{ADC8A093-DD9F-44B0-AFB5-B2391E9A099B} = {22FAC631-500E-4ED0-9D13-B2E627DF0C56}
		{34D87381-289E-4745-90D3-FEAF7F906763} = {22FAC631-500E-4ED0-9D13-B2E627DF0C56}
	EndGlobalSection
	GlobalSection(ExtensibilityGlobals) = postSolution
		SolutionGuid = {298DE891-7234-47E0-A501-BBDE22D485F8}
	EndGlobalSection
EndGlobal
